{
    "_readme": [
        "This file locks the dependencies of your project to a known state",
        "Read more about it at https://getcomposer.org/doc/01-basic-usage.md#installing-dependencies",
        "This file is @generated automatically"
    ],
    "content-hash": "734bc99c909fc243ef58b8730ed2a7cd",
    "packages": [
        {
            "name": "adamkiss/toolkit",
            "version": "0.1.6",
            "source": {
                "type": "git",
                "url": "https://github.com/adamkiss/toolkit.git",
                "reference": "a40b8c8a546c55a7b7ac6189dfd760ab701c8bb8"
            },
            "dist": {
                "type": "zip",
                "url": "https://api.github.com/repos/adamkiss/toolkit/zipball/a40b8c8a546c55a7b7ac6189dfd760ab701c8bb8",
                "reference": "a40b8c8a546c55a7b7ac6189dfd760ab701c8bb8",
                "shasum": ""
            },
            "require": {
                "claviska/simpleimage": "^4.3"
            },
            "type": "library",
            "autoload": {
                "files": [
                    "lib/escaper.php"
                ],
                "psr-4": {
                    "Kirby\\Cms\\": "lib/CmsMocks/",
                    "Adamkiss\\Toolkit\\": "src/",
                    "Adamkiss\\Toolkit\\Tests\\": "tests/"
                }
            },
            "notification-url": "https://packagist.org/downloads/",
            "license": [
                "MIT"
            ],
            "authors": [
                {
                    "name": "Adam Kiss",
                    "email": "iam@adamkiss.com"
                }
            ],
            "description": "Standalone copy of Toolkit parts of Kirby CMS",
            "support": {
                "issues": "https://github.com/adamkiss/toolkit/issues",
                "source": "https://github.com/adamkiss/toolkit/tree/0.1.6"
            },
            "time": "2025-11-21T14:42:55+00:00"
        },
        {
            "name": "claviska/simpleimage",
            "version": "4.4.0",
            "source": {
                "type": "git",
                "url": "https://github.com/claviska/SimpleImage.git",
                "reference": "6d928c779e343100cef40f75bac3e301c32c3741"
            },
            "dist": {
                "type": "zip",
                "url": "https://api.github.com/repos/claviska/SimpleImage/zipball/6d928c779e343100cef40f75bac3e301c32c3741",
                "reference": "6d928c779e343100cef40f75bac3e301c32c3741",
                "shasum": ""
            },
            "require": {
                "ext-gd": "*",
                "league/color-extractor": "0.4.*",
                "php": ">=8.0"
            },
            "require-dev": {
                "laravel/pint": "^1.5",
                "phpstan/phpstan": "^1.10"
            },
            "type": "library",
            "autoload": {
                "psr-0": {
                    "claviska": "src/"
                }
            },
            "notification-url": "https://packagist.org/downloads/",
            "license": [
                "MIT"
            ],
            "authors": [
                {
                    "name": "Cory LaViska",
                    "homepage": "http://www.abeautifulsite.net/",
                    "role": "Developer"
                }
            ],
            "description": "A PHP class that makes working with images as simple as possible.",
            "support": {
                "issues": "https://github.com/claviska/SimpleImage/issues",
                "source": "https://github.com/claviska/SimpleImage/tree/4.4.0"
            },
            "funding": [
                {
                    "url": "https://github.com/claviska",
                    "type": "github"
                }
            ],
            "time": "2025-11-20T16:58:37+00:00"
        },
        {
            "name": "league/color-extractor",
            "version": "0.4.0",
            "source": {
                "type": "git",
                "url": "https://github.com/thephpleague/color-extractor.git",
                "reference": "21fcac6249c5ef7d00eb83e128743ee6678fe505"
            },
            "dist": {
                "type": "zip",
                "url": "https://api.github.com/repos/thephpleague/color-extractor/zipball/21fcac6249c5ef7d00eb83e128743ee6678fe505",
                "reference": "21fcac6249c5ef7d00eb83e128743ee6678fe505",
                "shasum": ""
            },
            "require": {
                "ext-gd": "*",
                "php": "^7.3 || ^8.0"
            },
            "replace": {
                "matthecat/colorextractor": "*"
            },
            "require-dev": {
                "friendsofphp/php-cs-fixer": "~2",
                "phpunit/phpunit": "^9.5"
            },
            "suggest": {
                "ext-curl": "To download images from remote URLs if allow_url_fopen is disabled for security reasons"
            },
            "type": "library",
            "autoload": {
                "psr-4": {
                    "League\\ColorExtractor\\": "src"
                }
            },
            "notification-url": "https://packagist.org/downloads/",
            "license": [
                "MIT"
            ],
            "authors": [
                {
                    "name": "Mathieu Lechat",
                    "email": "math.lechat@gmail.com",
                    "homepage": "http://matthecat.com",
                    "role": "Developer"
                }
            ],
            "description": "Extract colors from an image as a human would do.",
            "homepage": "https://github.com/thephpleague/color-extractor",
            "keywords": [
                "color",
                "extract",
                "human",
                "image",
                "palette"
            ],
            "support": {
                "issues": "https://github.com/thephpleague/color-extractor/issues",
                "source": "https://github.com/thephpleague/color-extractor/tree/0.4.0"
            },
            "time": "2022-09-24T15:57:16+00:00"
        }
    ],
    "packages-dev": [],
    "aliases": [],
    "minimum-stability": "stable",
    "stability-flags": {},
    "prefer-stable": false,
    "prefer-lowest": false,
    "platform": {
        "php": ">=8.0.0"
    },
    "platform-dev": {},
    "plugin-api-version": "2.6.0"
}
